
Microsoft Visual Studio Solution File, Format Version 12.00
# Visual Studio Version 17
VisualStudioVersion = 17.14.36518.9
MinimumVisualStudioVersion = 10.0.40219.1
Project("{FAE04EC0-301F-11D3-BF4B-00C04F79EFBC}") = "IconCommander", "IconCommander\IconCommander.csproj", "{0B64F3A6-95EB-49FC-A30D-60D7B63C95FD}"
EndProject
Project("{FAE04EC0-301F-11D3-BF4B-00C04F79EFBC}") = "KeywordLoader", "KeywordLoader\KeywordLoader.csproj", "{C83D48F2-C991-42C0-9F93-438381637BA3}"
EndProject
Global
	GlobalSection(SolutionConfigurationPlatforms) = preSolution
		Debug|Any CPU = Debug|Any CPU
		Release|Any CPU = Release|Any CPU
	EndGlobalSection
	GlobalSection(ProjectConfigurationPlatforms) = postSolution
		{0B64F3A6-95EB-49FC-A30D-60D7B63C95FD}.Debug|Any CPU.ActiveCfg = Debug|Any CPU
		{0B64F3A6-95EB-49FC-A30D-60D7B63C95FD}.Debug|Any CPU.Build.0 = Debug|Any CPU
		{0B64F3A6-95EB-49FC-A30D-60D7B63C95FD}.Release|Any CPU.ActiveCfg = Release|Any CPU
		{0B64F3A6-95EB-49FC-A30D-60D7B63C95FD}.Release|Any CPU.Build.0 = Release|Any CPU
		{C83D48F2-C991-42C0-9F93-438381637BA3}.Debug|Any CPU.ActiveCfg = Debug|Any CPU
		{C83D48F2-C991-42C0-9F93-438381637BA3}.Debug|Any CPU.Build.0 = Debug|Any CPU
		{C83D48F2-C991-42C0-9F93-438381637BA3}.Release|Any CPU.ActiveCfg = Release|Any CPU
		{C83D48F2-C991-42C0-9F93-438381637BA3}.Release|Any CPU.Build.0 = Release|Any CPU
	EndGlobalSection
	GlobalSection(SolutionProperties) = preSolution
		HideSolutionNode = FALSE
	EndGlobalSection
	GlobalSection(ExtensibilityGlobals) = postSolution
		SolutionGuid = {0C636968-663B-48CC-A6D3-F0147A33E1D3}
	EndGlobalSection
EndGlobal
